// !$*UTF8*$!
{
	archiveVersion = 1;
	classes = {
	};
	objectVersion = 55;
	objects = {

/* Begin PBXBuildFile section */
		6F99019C270E7FB800F3B954 /* AppDelegate.swift in Sources */ = {isa = PBXBuildFile; fileRef = 6F99019B270E7FB800F3B954 /* AppDelegate.swift */; };
		6F99019E270E7FB800F3B954 /* SceneDelegate.swift in Sources */ = {isa = PBXBuildFile; fileRef = 6F99019D270E7FB800F3B954 /* SceneDelegate.swift */; };
		6F9901A0270E7FB800F3B954 /* ViewController.swift in Sources */ = {isa = PBXBuildFile; fileRef = 6F99019F270E7FB800F3B954 /* ViewController.swift */; };
		6F9901A3270E7FB800F3B954 /* Main.storyboard in Resources */ = {isa = PBXBuildFile; fileRef = 6F9901A1270E7FB800F3B954 /* Main.storyboard */; };
		6F9901A5270E7FBB00F3B954 /* Assets.xcassets in Resources */ = {isa = PBXBuildFile; fileRef = 6F9901A4270E7FBB00F3B954 /* Assets.xcassets */; };
		6F9901A8270E7FBB00F3B954 /* LaunchScreen.storyboard in Resources */ = {isa = PBXBuildFile; fileRef = 6F9901A6270E7FBB00F3B954 /* LaunchScreen.storyboard */; };
		6F9901B1270E80EA00F3B954 /* TabBar.json in Resources */ = {isa = PBXBuildFile; fileRef = 6F9901B0270E80EA00F3B954 /* TabBar.json */; };
		6F9901B4270E8ED300F3B954 /* TabBarItem.swift in Sources */ = {isa = PBXBuildFile; fileRef = 6F9901B3270E8ED300F3B954 /* TabBarItem.swift */; };
		6F9901B9270E905C00F3B954 /* TabBarController.swift in Sources */ = {isa = PBXBuildFile; fileRef = 6F9901B7270E905C00F3B954 /* TabBarController.swift */; };
		6F9901BA270E905C00F3B954 /* TabBarController.xib in Resources */ = {isa = PBXBuildFile; fileRef = 6F9901B8270E905C00F3B954 /* TabBarController.xib */; };
		6F9901BC270E925A00F3B954 /* TabBarManager.swift in Sources */ = {isa = PBXBuildFile; fileRef = 6F9901BB270E925900F3B954 /* TabBarManager.swift */; };
		6F9901BF270E999F00F3B954 /* BlueViewController.swift in Sources */ = {isa = PBXBuildFile; fileRef = 6F9901BD270E999F00F3B954 /* BlueViewController.swift */; };
		6F9901C0270E999F00F3B954 /* BlueViewController.xib in Resources */ = {isa = PBXBuildFile; fileRef = 6F9901BE270E999F00F3B954 /* BlueViewController.xib */; };
		6F9901C3270F22B000F3B954 /* RedViewController.swift in Sources */ = {isa = PBXBuildFile; fileRef = 6F9901C1270F22B000F3B954 /* RedViewController.swift */; };
		6F9901C4270F22B000F3B954 /* RedViewController.xib in Resources */ = {isa = PBXBuildFile; fileRef = 6F9901C2270F22B000F3B954 /* RedViewController.xib */; };
		6F9901C7270F22C900F3B954 /* YellowViewController.swift in Sources */ = {isa = PBXBuildFile; fileRef = 6F9901C5270F22C900F3B954 /* YellowViewController.swift */; };
		6F9901C8270F22C900F3B954 /* YellowViewController.xib in Resources */ = {isa = PBXBuildFile; fileRef = 6F9901C6270F22C900F3B954 /* YellowViewController.xib */; };
		6F9901CB270F22D700F3B954 /* GreenViewController.swift in Sources */ = {isa = PBXBuildFile; fileRef = 6F9901C9270F22D700F3B954 /* GreenViewController.swift */; };
		6F9901CC270F22D700F3B954 /* GreennViewController.xib in Resources */ = {isa = PBXBuildFile; fileRef = 6F9901CA270F22D700F3B954 /* GreennViewController.xib */; };
/* End PBXBuildFile section */

/* Begin PBXFileReference section */
		6F990198270E7FB800F3B954 /* swift-032-dynamic_tab_bar.app */ = {isa = PBXFileReference; explicitFileType = wrapper.application; includeInIndex = 0; path = "swift-032-dynamic_tab_bar.app"; sourceTree = BUILT_PRODUCTS_DIR; };
		6F99019B270E7FB800F3B954 /* AppDelegate.swift */ = {isa = PBXFileReference; lastKnownFileType = sourcecode.swift; path = AppDelegate.swift; sourceTree = "<group>"; };
		6F99019D270E7FB800F3B954 /* SceneDelegate.swift */ = {isa = PBXFileReference; lastKnownFileType = sourcecode.swift; path = SceneDelegate.swift; sourceTree = "<group>"; };
		6F99019F270E7FB800F3B954 /* ViewController.swift */ = {isa = PBXFileReference; lastKnownFileType = sourcecode.swift; path = ViewController.swift; sourceTree = "<group>"; };
		6F9901A2270E7FB800F3B954 /* Base */ = {isa = PBXFileReference; lastKnownFileType = file.storyboard; name = Base; path = Base.lproj/Main.storyboard; sourceTree = "<group>"; };
		6F9901A4270E7FBB00F3B954 /* Assets.xcassets */ = {isa = PBXFileReference; lastKnownFileType = folder.assetcatalog; path = Assets.xcassets; sourceTree = "<group>"; };
		6F9901A7270E7FBB00F3B954 /* Base */ = {isa = PBXFileReference; lastKnownFileType = file.storyboard; name = Base; path = Base.lproj/LaunchScreen.storyboard; sourceTree = "<group>"; };
		6F9901A9270E7FBB00F3B954 /* Info.plist */ = {isa = PBXFileReference; lastKnownFileType = text.plist.xml; path = Info.plist; sourceTree = "<group>"; };
		6F9901B0270E80EA00F3B954 /* TabBar.json */ = {isa = PBXFileReference; lastKnownFileType = text.json; path = TabBar.json; sourceTree = "<group>"; };
		6F9901B3270E8ED300F3B954 /* TabBarItem.swift */ = {isa = PBXFileReference; lastKnownFileType = sourcecode.swift; path = TabBarItem.swift; sourceTree = "<group>"; };
		6F9901B7270E905C00F3B954 /* TabBarController.swift */ = {isa = PBXFileReference; lastKnownFileType = sourcecode.swift; path = TabBarController.swift; sourceTree = "<group>"; };
		6F9901B8270E905C00F3B954 /* TabBarController.xib */ = {isa = PBXFileReference; lastKnownFileType = file.xib; path = TabBarController.xib; sourceTree = "<group>"; };
		6F9901BB270E925900F3B954 /* TabBarManager.swift */ = {isa = PBXFileReference; lastKnownFileType = sourcecode.swift; path = TabBarManager.swift; sourceTree = "<group>"; };
		6F9901BD270E999F00F3B954 /* BlueViewController.swift */ = {isa = PBXFileReference; lastKnownFileType = sourcecode.swift; path = BlueViewController.swift; sourceTree = "<group>"; };
		6F9901BE270E999F00F3B954 /* BlueViewController.xib */ = {isa = PBXFileReference; lastKnownFileType = file.xib; path = BlueViewController.xib; sourceTree = "<group>"; };
		6F9901C1270F22B000F3B954 /* RedViewController.swift */ = {isa = PBXFileReference; lastKnownFileType = sourcecode.swift; path = RedViewController.swift; sourceTree = "<group>"; };
		6F9901C2270F22B000F3B954 /* RedViewController.xib */ = {isa = PBXFileReference; lastKnownFileType = file.xib; path = RedViewController.xib; sourceTree = "<group>"; };
		6F9901C5270F22C900F3B954 /* YellowViewController.swift */ = {isa = PBXFileReference; lastKnownFileType = sourcecode.swift; path = YellowViewController.swift; sourceTree = "<group>"; };
		6F9901C6270F22C900F3B954 /* YellowViewController.xib */ = {isa = PBXFileReference; lastKnownFileType = file.xib; path = YellowViewController.xib; sourceTree = "<group>"; };
		6F9901C9270F22D700F3B954 /* GreenViewController.swift */ = {isa = PBXFileReference; lastKnownFileType = sourcecode.swift; path = GreenViewController.swift; sourceTree = "<group>"; };
		6F9901CA270F22D700F3B954 /* GreennViewController.xib */ = {isa = PBXFileReference; lastKnownFileType = file.xib; path = GreennViewController.xib; sourceTree = "<group>"; };
		6F9901CD270F34B700F3B954 /* README.md */ = {isa = PBXFileReference; lastKnownFileType = net.daringfireball.markdown; path = README.md; sourceTree = "<group>"; };
/* End PBXFileReference section */

/* Begin PBXFrameworksBuildPhase section */
		6F990195270E7FB800F3B954 /* Frameworks */ = {
			isa = PBXFrameworksBuildPhase;
			buildActionMask = 2147483647;
			files = (
			);
			runOnlyForDeploymentPostprocessing = 0;
		};
/* End PBXFrameworksBuildPhase section */

/* Begin PBXGroup section */
		6F99018F270E7FB800F3B954 = {
			isa = PBXGroup;
			children = (
				6F9901CD270F34B700F3B954 /* README.md */,
				6F99019A270E7FB800F3B954 /* swift-032-dynamic_tab_bar */,
				6F990199270E7FB800F3B954 /* Products */,
			);
			sourceTree = "<group>";
		};
		6F990199270E7FB800F3B954 /* Products */ = {
			isa = PBXGroup;
			children = (
				6F990198270E7FB800F3B954 /* swift-032-dynamic_tab_bar.app */,
			);
			name = Products;
			sourceTree = "<group>";
		};
		6F99019A270E7FB800F3B954 /* swift-032-dynamic_tab_bar */ = {
			isa = PBXGroup;
			children = (
				6F99019B270E7FB800F3B954 /* AppDelegate.swift */,
				6F99019D270E7FB800F3B954 /* SceneDelegate.swift */,
				6F99019F270E7FB800F3B954 /* ViewController.swift */,
				6F9901A1270E7FB800F3B954 /* Main.storyboard */,
				6F9901B6270E902D00F3B954 /* Control */,
				6F9901B5270E902400F3B954 /* View */,
				6F9901B2270E8EA500F3B954 /* Model */,
				6F9901AF270E80BC00F3B954 /* Misc */,
				6F9901A4270E7FBB00F3B954 /* Assets.xcassets */,
				6F9901A6270E7FBB00F3B954 /* LaunchScreen.storyboard */,
				6F9901A9270E7FBB00F3B954 /* Info.plist */,
			);
			path = "swift-032-dynamic_tab_bar";
			sourceTree = "<group>";
		};
		6F9901AF270E80BC00F3B954 /* Misc */ = {
			isa = PBXGroup;
			children = (
				6F9901B0270E80EA00F3B954 /* TabBar.json */,
			);
			path = Misc;
			sourceTree = "<group>";
		};
		6F9901B2270E8EA500F3B954 /* Model */ = {
			isa = PBXGroup;
			children = (
				6F9901B3270E8ED300F3B954 /* TabBarItem.swift */,
			);
			path = Model;
			sourceTree = "<group>";
		};
		6F9901B5270E902400F3B954 /* View */ = {
			isa = PBXGroup;
			children = (
				6F9901B8270E905C00F3B954 /* TabBarController.xib */,
				6F9901BE270E999F00F3B954 /* BlueViewController.xib */,
				6F9901C2270F22B000F3B954 /* RedViewController.xib */,
				6F9901C6270F22C900F3B954 /* YellowViewController.xib */,
				6F9901CA270F22D700F3B954 /* GreennViewController.xib */,
			);
			path = View;
			sourceTree = "<group>";
		};
		6F9901B6270E902D00F3B954 /* Control */ = {
			isa = PBXGroup;
			children = (
				6F9901B7270E905C00F3B954 /* TabBarController.swift */,
				6F9901BB270E925900F3B954 /* TabBarManager.swift */,
				6F9901BD270E999F00F3B954 /* BlueViewController.swift */,
				6F9901C1270F22B000F3B954 /* RedViewController.swift */,
				6F9901C5270F22C900F3B954 /* YellowViewController.swift */,
				6F9901C9270F22D700F3B954 /* GreenViewController.swift */,
			);
			path = Control;
			sourceTree = "<group>";
		};
/* End PBXGroup section */

/* Begin PBXNativeTarget section */
		6F990197270E7FB800F3B954 /* swift-032-dynamic_tab_bar */ = {
			isa = PBXNativeTarget;
			buildConfigurationList = 6F9901AC270E7FBB00F3B954 /* Build configuration list for PBXNativeTarget "swift-032-dynamic_tab_bar" */;
			buildPhases = (
				6F990194270E7FB800F3B954 /* Sources */,
				6F990195270E7FB800F3B954 /* Frameworks */,
				6F990196270E7FB800F3B954 /* Resources */,
			);
			buildRules = (
			);
			dependencies = (
			);
			name = "swift-032-dynamic_tab_bar";
			productName = "swift-032-dynamic_tab_bar";
			productReference = 6F990198270E7FB800F3B954 /* swift-032-dynamic_tab_bar.app */;
			productType = "com.apple.product-type.application";
		};
/* End PBXNativeTarget section */

/* Begin PBXProject section */
		6F990190270E7FB800F3B954 /* Project object */ = {
			isa = PBXProject;
			attributes = {
				BuildIndependentTargetsInParallel = 1;
				LastSwiftUpdateCheck = 1300;
				LastUpgradeCheck = 1300;
				TargetAttributes = {
					6F990197270E7FB800F3B954 = {
						CreatedOnToolsVersion = 13.0;
					};
				};
			};
			buildConfigurationList = 6F990193270E7FB800F3B954 /* Build configuration list for PBXProject "swift-032-dynamic_tab_bar" */;
			compatibilityVersion = "Xcode 13.0";
			developmentRegion = en;
			hasScannedForEncodings = 0;
			knownRegions = (
				en,
				Base,
			);
			mainGroup = 6F99018F270E7FB800F3B954;
			productRefGroup = 6F990199270E7FB800F3B954 /* Products */;
			projectDirPath = "";
			projectRoot = "";
			targets = (
				6F990197270E7FB800F3B954 /* swift-032-dynamic_tab_bar */,
			);
		};
/* End PBXProject section */

/* Begin PBXResourcesBuildPhase section */
		6F990196270E7FB800F3B954 /* Resources */ = {
			isa = PBXResourcesBuildPhase;
			buildActionMask = 2147483647;
			files = (
				6F9901C0270E999F00F3B954 /* BlueViewController.xib in Resources */,
				6F9901A8270E7FBB00F3B954 /* LaunchScreen.storyboard in Resources */,
				6F9901A5270E7FBB00F3B954 /* Assets.xcassets in Resources */,
				6F9901CC270F22D700F3B954 /* GreennViewController.xib in Resources */,
				6F9901C4270F22B000F3B954 /* RedViewController.xib in Resources */,
				6F9901C8270F22C900F3B954 /* YellowViewController.xib in Resources */,
				6F9901BA270E905C00F3B954 /* TabBarController.xib in Resources */,
				6F9901A3270E7FB800F3B954 /* Main.storyboard in Resources */,
				6F9901B1270E80EA00F3B954 /* TabBar.json in Resources */,
			);
			runOnlyForDeploymentPostprocessing = 0;
		};
/* End PBXResourcesBuildPhase section */

/* Begin PBXSourcesBuildPhase section */
		6F990194270E7FB800F3B954 /* Sources */ = {
			isa = PBXSourcesBuildPhase;
			buildActionMask = 2147483647;
			files = (
				6F9901A0270E7FB800F3B954 /* ViewController.swift in Sources */,
				6F99019C270E7FB800F3B954 /* AppDelegate.swift in Sources */,
				6F9901B4270E8ED300F3B954 /* TabBarItem.swift in Sources */,
				6F9901BC270E925A00F3B954 /* TabBarManager.swift in Sources */,
				6F9901C3270F22B000F3B954 /* RedViewController.swift in Sources */,
				6F9901B9270E905C00F3B954 /* TabBarController.swift in Sources */,
				6F99019E270E7FB800F3B954 /* SceneDelegate.swift in Sources */,
				6F9901C7270F22C900F3B954 /* YellowViewController.swift in Sources */,
				6F9901BF270E999F00F3B954 /* BlueViewController.swift in Sources */,
				6F9901CB270F22D700F3B954 /* GreenViewController.swift in Sources */,
			);
			runOnlyForDeploymentPostprocessing = 0;
		};
/* End PBXSourcesBuildPhase section */

/* Begin PBXVariantGroup section */
		6F9901A1270E7FB800F3B954 /* Main.storyboard */ = {
			isa = PBXVariantGroup;
			children = (
				6F9901A2270E7FB800F3B954 /* Base */,
			);
			name = Main.storyboard;
			sourceTree = "<group>";
		};
		6F9901A6270E7FBB00F3B954 /* LaunchScreen.storyboard */ = {
			isa = PBXVariantGroup;
			children = (
				6F9901A7270E7FBB00F3B954 /* Base */,
			);
			name = LaunchScreen.storyboard;
			sourceTree = "<group>";
		};
/* End PBXVariantGroup section */

/* Begin XCBuildConfiguration section */
		6F9901AA270E7FBB00F3B954 /* Debug */ = {
			isa = XCBuildConfiguration;
			buildSettings = {
				ALWAYS_SEARCH_USER_PATHS = NO;
				CLANG_ANALYZER_NONNULL = YES;
				CLANG_ANALYZER_NUMBER_OBJECT_CONVERSION = YES_AGGRESSIVE;
				CLANG_CXX_LANGUAGE_STANDARD = "gnu++17";
				CLANG_CXX_LIBRARY = "libc++";
				CLANG_ENABLE_MODULES = YES;
				CLANG_ENABLE_OBJC_ARC = YES;
				CLANG_ENABLE_OBJC_WEAK = YES;
				CLANG_WARN_BLOCK_CAPTURE_AUTORELEASING = YES;
				CLANG_WARN_BOOL_CONVERSION = YES;
				CLANG_WARN_COMMA = YES;
				CLANG_WARN_CONSTANT_CONVERSION = YES;
				CLANG_WARN_DEPRECATED_OBJC_IMPLEMENTATIONS = YES;
				CLANG_WARN_DIRECT_OBJC_ISA_USAGE = YES_ERROR;
				CLANG_WARN_DOCUMENTATION_COMMENTS = YES;
				CLANG_WARN_EMPTY_BODY = YES;
				CLANG_WARN_ENUM_CONVERSION = YES;
				CLANG_WARN_INFINITE_RECURSION = YES;
				CLANG_WARN_INT_CONVERSION = YES;
				CLANG_WARN_NON_LITERAL_NULL_CONVERSION = YES;
				CLANG_WARN_OBJC_IMPLICIT_RETAIN_SELF = YES;
				CLANG_WARN_OBJC_LITERAL_CONVERSION = YES;
				CLANG_WARN_OBJC_ROOT_CLASS = YES_ERROR;
				CLANG_WARN_QUOTED_INCLUDE_IN_FRAMEWORK_HEADER = YES;
				CLANG_WARN_RANGE_LOOP_ANALYSIS = YES;
				CLANG_WARN_STRICT_PROTOTYPES = YES;
				CLANG_WARN_SUSPICIOUS_MOVE = YES;
				CLANG_WARN_UNGUARDED_AVAILABILITY = YES_AGGRESSIVE;
				CLANG_WARN_UNREACHABLE_CODE = YES;
				CLANG_WARN__DUPLICATE_METHOD_MATCH = YES;
				COPY_PHASE_STRIP = NO;
				DEBUG_INFORMATION_FORMAT = dwarf;
				ENABLE_STRICT_OBJC_MSGSEND = YES;
				ENABLE_TESTABILITY = YES;
				GCC_C_LANGUAGE_STANDARD = gnu11;
				GCC_DYNAMIC_NO_PIC = NO;
				GCC_NO_COMMON_BLOCKS = YES;
				GCC_OPTIMIZATION_LEVEL = 0;
				GCC_PREPROCESSOR_DEFINITIONS = (
					"DEBUG=1",
					"$(inherited)",
				);
				GCC_WARN_64_TO_32_BIT_CONVERSION = YES;
				GCC_WARN_ABOUT_RETURN_TYPE = YES_ERROR;
				GCC_WARN_UNDECLARED_SELECTOR = YES;
				GCC_WARN_UNINITIALIZED_AUTOS = YES_AGGRESSIVE;
				GCC_WARN_UNUSED_FUNCTION = YES;
				GCC_WARN_UNUSED_VARIABLE = YES;
				IPHONEOS_DEPLOYMENT_TARGET = 14.1;
				MTL_ENABLE_DEBUG_INFO = INCLUDE_SOURCE;
				MTL_FAST_MATH = YES;
				ONLY_ACTIVE_ARCH = YES;
				SDKROOT = iphoneos;
				SWIFT_ACTIVE_COMPILATION_CONDITIONS = DEBUG;
				SWIFT_OPTIMIZATION_LEVEL = "-Onone";
			};
			name = Debug;
		};
		6F9901AB270E7FBB00F3B954 /* Release */ = {
			isa = XCBuildConfiguration;
			buildSettings = {
				ALWAYS_SEARCH_USER_PATHS = NO;
				CLANG_ANALYZER_NONNULL = YES;
				CLANG_ANALYZER_NUMBER_OBJECT_CONVERSION = YES_AGGRESSIVE;
				CLANG_CXX_LANGUAGE_STANDARD = "gnu++17";
				CLANG_CXX_LIBRARY = "libc++";
				CLANG_ENABLE_MODULES = YES;
				CLANG_ENABLE_OBJC_ARC = YES;
				CLANG_ENABLE_OBJC_WEAK = YES;
				CLANG_WARN_BLOCK_CAPTURE_AUTORELEASING = YES;
				CLANG_WARN_BOOL_CONVERSION = YES;
				CLANG_WARN_COMMA = YES;
				CLANG_WARN_CONSTANT_CONVERSION = YES;
				CLANG_WARN_DEPRECATED_OBJC_IMPLEMENTATIONS = YES;
				CLANG_WARN_DIRECT_OBJC_ISA_USAGE = YES_ERROR;
				CLANG_WARN_DOCUMENTATION_COMMENTS = YES;
				CLANG_WARN_EMPTY_BODY = YES;
				CLANG_WARN_ENUM_CONVERSION = YES;
				CLANG_WARN_INFINITE_RECURSION = YES;
				CLANG_WARN_INT_CONVERSION = YES;
				CLANG_WARN_NON_LITERAL_NULL_CONVERSION = YES;
				CLANG_WARN_OBJC_IMPLICIT_RETAIN_SELF = YES;
				CLANG_WARN_OBJC_LITERAL_CONVERSION = YES;
				CLANG_WARN_OBJC_ROOT_CLASS = YES_ERROR;
				CLANG_WARN_QUOTED_INCLUDE_IN_FRAMEWORK_HEADER = YES;
				CLANG_WARN_RANGE_LOOP_ANALYSIS = YES;
				CLANG_WARN_STRICT_PROTOTYPES = YES;
				CLANG_WARN_SUSPICIOUS_MOVE = YES;
				CLANG_WARN_UNGUARDED_AVAILABILITY = YES_AGGRESSIVE;
				CLANG_WARN_UNREACHABLE_CODE = YES;
				CLANG_WARN__DUPLICATE_METHOD_MATCH = YES;
				COPY_PHASE_STRIP = NO;
				DEBUG_INFORMATION_FORMAT = "dwarf-with-dsym";
				ENABLE_NS_ASSERTIONS = NO;
				ENABLE_STRICT_OBJC_MSGSEND = YES;
				GCC_C_LANGUAGE_STANDARD = gnu11;
				GCC_NO_COMMON_BLOCKS = YES;
				GCC_WARN_64_TO_32_BIT_CONVERSION = YES;
				GCC_WARN_ABOUT_RETURN_TYPE = YES_ERROR;
				GCC_WARN_UNDECLARED_SELECTOR = YES;
				GCC_WARN_UNINITIALIZED_AUTOS = YES_AGGRESSIVE;
				GCC_WARN_UNUSED_FUNCTION = YES;
				GCC_WARN_UNUSED_VARIABLE = YES;
				IPHONEOS_DEPLOYMENT_TARGET = 14.1;
				MTL_ENABLE_DEBUG_INFO = NO;
				MTL_FAST_MATH = YES;
				SDKROOT = iphoneos;
				SWIFT_COMPILATION_MODE = wholemodule;
				SWIFT_OPTIMIZATION_LEVEL = "-O";
				VALIDATE_PRODUCT = YES;
			};
			name = Release;
		};
		6F9901AD270E7FBB00F3B954 /* Debug */ = {
			isa = XCBuildConfiguration;
			buildSettings = {
				ASSETCATALOG_COMPILER_APPICON_NAME = AppIcon;
				ASSETCATALOG_COMPILER_GLOBAL_ACCENT_COLOR_NAME = AccentColor;
				CODE_SIGN_STYLE = Automatic;
				CURRENT_PROJECT_VERSION = 1;
				DEVELOPMENT_TEAM = K328B98U3F;
				GENERATE_INFOPLIST_FILE = YES;
				INFOPLIST_FILE = "swift-032-dynamic_tab_bar/Info.plist";
				INFOPLIST_KEY_UIApplicationSupportsIndirectInputEvents = YES;
				INFOPLIST_KEY_UILaunchStoryboardName = LaunchScreen;
				INFOPLIST_KEY_UIMainStoryboardFile = Main;
				INFOPLIST_KEY_UISupportedInterfaceOrientations_iPad = "UIInterfaceOrientationPortrait UIInterfaceOrientationPortraitUpsideDown UIInterfaceOrientationLandscapeLeft UIInterfaceOrientationLandscapeRight";
				INFOPLIST_KEY_UISupportedInterfaceOrientations_iPhone = "UIInterfaceOrientationPortrait UIInterfaceOrientationLandscapeLeft UIInterfaceOrientationLandscapeRight";
				IPHONEOS_DEPLOYMENT_TARGET = 14.0;
				LD_RUNPATH_SEARCH_PATHS = (
					"$(inherited)",
					"@executable_path/Frameworks",
				);
				MARKETING_VERSION = 1.0;
				PRODUCT_BUNDLE_IDENTIFIER = "Marsala.swift-032-dynamic-tab-bar";
				PRODUCT_NAME = "$(TARGET_NAME)";
				SWIFT_EMIT_LOC_STRINGS = YES;
				SWIFT_VERSION = 5.0;
				TARGETED_DEVICE_FAMILY = "1,2";
			};
			name = Debug;
		};
		6F9901AE270E7FBB00F3B954 /* Release */ = {
			isa = XCBuildConfiguration;
			buildSettings = {
				ASSETCATALOG_COMPILER_APPICON_NAME = AppIcon;
				ASSETCATALOG_COMPILER_GLOBAL_ACCENT_COLOR_NAME = AccentColor;
				CODE_SIGN_STYLE = Automatic;
				CURRENT_PROJECT_VERSION = 1;
				DEVELOPMENT_TEAM = K328B98U3F;
				GENERATE_INFOPLIST_FILE = YES;
				INFOPLIST_FILE = "swift-032-dynamic_tab_bar/Info.plist";
				INFOPLIST_KEY_UIApplicationSupportsIndirectInputEvents = YES;
				INFOPLIST_KEY_UILaunchStoryboardName = LaunchScreen;
				INFOPLIST_KEY_UIMainStoryboardFile = Main;
				INFOPLIST_KEY_UISupportedInterfaceOrientations_iPad = "UIInterfaceOrientationPortrait UIInterfaceOrientationPortraitUpsideDown UIInterfaceOrientationLandscapeLeft UIInterfaceOrientationLandscapeRight";
				INFOPLIST_KEY_UISupportedInterfaceOrientations_iPhone = "UIInterfaceOrientationPortrait UIInterfaceOrientationLandscapeLeft UIInterfaceOrientationLandscapeRight";
				IPHONEOS_DEPLOYMENT_TARGET = 14.0;
				LD_RUNPATH_SEARCH_PATHS = (
					"$(inherited)",
					"@executable_path/Frameworks",
				);
				MARKETING_VERSION = 1.0;
				PRODUCT_BUNDLE_IDENTIFIER = "Marsala.swift-032-dynamic-tab-bar";
				PRODUCT_NAME = "$(TARGET_NAME)";
				SWIFT_EMIT_LOC_STRINGS = YES;
				SWIFT_VERSION = 5.0;
				TARGETED_DEVICE_FAMILY = "1,2";
			};
			name = Release;
		};
/* End XCBuildConfiguration section */

/* Begin XCConfigurationList section */
		6F990193270E7FB800F3B954 /* Build configuration list for PBXProject "swift-032-dynamic_tab_bar" */ = {
			isa = XCConfigurationList;
			buildConfigurations = (
				6F9901AA270E7FBB00F3B954 /* Debug */,
				6F9901AB270E7FBB00F3B954 /* Release */,
			);
			defaultConfigurationIsVisible = 0;
			defaultConfigurationName = Release;
		};
		6F9901AC270E7FBB00F3B954 /* Build configuration list for PBXNativeTarget "swift-032-dynamic_tab_bar" */ = {
			isa = XCConfigurationList;
			buildConfigurations = (
				6F9901AD270E7FBB00F3B954 /* Debug */,
				6F9901AE270E7FBB00F3B954 /* Release */,
			);
			defaultConfigurationIsVisible = 0;
			defaultConfigurationName = Release;
		};
/* End XCConfigurationList section */
	};
	rootObject = 6F990190270E7FB800F3B954 /* Project object */;
}
